{
  "nodes": {
    "nixpkgs": {
      "locked": {
        "lastModified": 0,
        "narHash": "sha256-qqKO4FOo/vPmNIaRPcLqwfudUlQ29iNdI1IbCZfjmxs=",
        "path": "/nix/store/27cfqcd2jvn341z0hyywmq0x9zqkzfr8-source",
        "type": "path"
      },
      "original": {
        "id": "nixpkgs",
        "type": "indirect"
      }
    },
    "pycall": {
      "inputs": {
        "nixpkgs": [
          "nixpkgs"
        ]
      },
      "locked": {
        "lastModified": 1753647740,
        "narHash": "sha256-veXLkGXw3EXwPg6NWFgD879YmGU31acRmC2bBsn9EDc=",
        "owner": "MadMcCrow",
        "repo": "pycall",
        "rev": "a8ddea53cea2685d662c2ebf8a2524a388eb5000",
        "type": "github"
      },
      "original": {
        "owner": "MadMcCrow",
        "repo": "pycall",
        "type": "github"
      }
    },
    "root": {
      "inputs": {
        "nixpkgs": "nixpkgs",
        "pycall": "pycall"
      }
    }
  },
  "root": "root",
  "version": 7
}
