{
  "nodes": {
    "nixpkgs": {
      "locked": {
        "lastModified": 1754800730,
        "narHash": "sha256-HfVZCXic9XLBgybP0318ym3cDnGwBs/+H5MgxFVYF4I=",
        "owner": "NixOS",
        "repo": "nixpkgs",
        "rev": "641d909c4a7538f1539da9240dedb1755c907e40",
        "type": "github"
      },
      "original": {
        "id": "nixpkgs",
        "type": "indirect"
      }
    },
    "pycall": {
      "inputs": {
        "nixpkgs": [
          "nixpkgs"
        ]
      },
      "locked": {
        "lastModified": 1754833258,
        "narHash": "sha256-S7bmJx41iH7sHPZyHIF6ajWBwXFoJYbzhzNCIlOsTNI=",
        "owner": "MadMcCrow",
        "repo": "pycall",
        "rev": "2b423ad14773eb93fa5e14050e41301988159b89",
        "type": "github"
      },
      "original": {
        "owner": "MadMcCrow",
        "repo": "pycall",
        "type": "github"
      }
    },
    "root": {
      "inputs": {
        "nixpkgs": "nixpkgs",
        "pycall": "pycall"
      }
    }
  },
  "root": "root",
  "version": 7
}
