{
  "nodes": {
    "nixpkgs": {
      "locked": {
        "lastModified": 0,
        "narHash": "sha256-qqKO4FOo/vPmNIaRPcLqwfudUlQ29iNdI1IbCZfjmxs=",
        "path": "/nix/store/27cfqcd2jvn341z0hyywmq0x9zqkzfr8-source",
        "type": "path"
      },
      "original": {
        "id": "nixpkgs",
        "type": "indirect"
      }
    },
    "pycall": {
      "inputs": {
        "nixpkgs": [
          "nixpkgs"
        ]
      },
      "locked": {
        "lastModified": 1754059400,
        "narHash": "sha256-fsZynGxUL+oD3p5J648FouEtGZiJ8UYKiat3fvil/pw=",
        "owner": "MadMcCrow",
        "repo": "pycall",
        "rev": "f148a10f3710aaed3b56eecd1910414dd2e1ecd5",
        "type": "github"
      },
      "original": {
        "owner": "MadMcCrow",
        "repo": "pycall",
        "type": "github"
      }
    },
    "root": {
      "inputs": {
        "nixpkgs": "nixpkgs",
        "pycall": "pycall"
      }
    }
  },
  "root": "root",
  "version": 7
}
